// !$*UTF8*$!
{
	archiveVersion = 1;
	classes = {
	};
	objectVersion = 56;
	objects = {

/* Begin PBXBuildFile section */
		233CB9712B9F269F003AABEF /* NotesTests.swift in Sources */ = {isa = PBXBuildFile; fileRef = 233CB9702B9F269F003AABEF /* NotesTests.swift */; };
		233CB9782B9F2EC0003AABEF /* NotesViewModelTests.swift in Sources */ = {isa = PBXBuildFile; fileRef = 233CB9772B9F2EC0003AABEF /* NotesViewModelTests.swift */; };
		238456CF2BA1F0E500609CB4 /* NotesViewModelIntegrationTests.swift in Sources */ = {isa = PBXBuildFile; fileRef = 238456CE2BA1F0E500609CB4 /* NotesViewModelIntegrationTests.swift */; };
		238492772BA1CA4C00F3770D /* CreateNoteUseCase.swift in Sources */ = {isa = PBXBuildFile; fileRef = 238492762BA1CA4C00F3770D /* CreateNoteUseCase.swift */; };
		238492792BA1CDE500F3770D /* FetchAllNotesUseCase.swift in Sources */ = {isa = PBXBuildFile; fileRef = 238492782BA1CDE500F3770D /* FetchAllNotesUseCase.swift */; };
		2389E2BA2B9DC291009A0DFC /* UpdateNoteView.swift in Sources */ = {isa = PBXBuildFile; fileRef = 2389E2B92B9DC291009A0DFC /* UpdateNoteView.swift */; };
		23C1119D2B9C828900ACB46E /* NotesWithTestingApp.swift in Sources */ = {isa = PBXBuildFile; fileRef = 23C1119C2B9C828900ACB46E /* NotesWithTestingApp.swift */; };
		23C1119F2B9C828900ACB46E /* MainView.swift in Sources */ = {isa = PBXBuildFile; fileRef = 23C1119E2B9C828900ACB46E /* MainView.swift */; };
		23C111A32B9C828A00ACB46E /* Assets.xcassets in Resources */ = {isa = PBXBuildFile; fileRef = 23C111A22B9C828A00ACB46E /* Assets.xcassets */; };
		23C111A62B9C828A00ACB46E /* Preview Assets.xcassets in Resources */ = {isa = PBXBuildFile; fileRef = 23C111A52B9C828A00ACB46E /* Preview Assets.xcassets */; };
		23C111B62B9C83C900ACB46E /* Note.swift in Sources */ = {isa = PBXBuildFile; fileRef = 23C111B52B9C83C900ACB46E /* Note.swift */; };
		23C111B82B9C84CC00ACB46E /* NotesViewModel.swift in Sources */ = {isa = PBXBuildFile; fileRef = 23C111B72B9C84CC00ACB46E /* NotesViewModel.swift */; };
		23C111BA2B9C8CFD00ACB46E /* CreateNoteView.swift in Sources */ = {isa = PBXBuildFile; fileRef = 23C111B92B9C8CFD00ACB46E /* CreateNoteView.swift */; };
		23E2E7712BA1C1B6001A18BA /* NotesDatabase.swift in Sources */ = {isa = PBXBuildFile; fileRef = 23E2E7702BA1C1B6001A18BA /* NotesDatabase.swift */; };
		23E2E7732BA1C3A3001A18BA /* NotesDAO.swift in Sources */ = {isa = PBXBuildFile; fileRef = 23E2E7722BA1C3A3001A18BA /* NotesDAO.swift */; };
		23F52C452BA35DFF0021D953 /* CreateNoteUseCaseMock.swift in Sources */ = {isa = PBXBuildFile; fileRef = 23F52C442BA35DFF0021D953 /* CreateNoteUseCaseMock.swift */; };
		23F52C472BA35E4F0021D953 /* FetchAllNotesUseCaseMock.swift in Sources */ = {isa = PBXBuildFile; fileRef = 23F52C462BA35E4F0021D953 /* FetchAllNotesUseCaseMock.swift */; };
/* End PBXBuildFile section */

/* Begin PBXContainerItemProxy section */
		233CB9722B9F269F003AABEF /* PBXContainerItemProxy */ = {
			isa = PBXContainerItemProxy;
			containerPortal = 23C111912B9C828900ACB46E /* Project object */;
			proxyType = 1;
			remoteGlobalIDString = 23C111982B9C828900ACB46E;
			remoteInfo = NotesWithTesting;
		};
/* End PBXContainerItemProxy section */

/* Begin PBXFileReference section */
		233CB96E2B9F269F003AABEF /* NotesWithTestingTests.xctest */ = {isa = PBXFileReference; explicitFileType = wrapper.cfbundle; includeInIndex = 0; path = NotesWithTestingTests.xctest; sourceTree = BUILT_PRODUCTS_DIR; };
		233CB9702B9F269F003AABEF /* NotesTests.swift */ = {isa = PBXFileReference; lastKnownFileType = sourcecode.swift; path = NotesTests.swift; sourceTree = "<group>"; };
		233CB9772B9F2EC0003AABEF /* NotesViewModelTests.swift */ = {isa = PBXFileReference; lastKnownFileType = sourcecode.swift; path = NotesViewModelTests.swift; sourceTree = "<group>"; };
		238456CE2BA1F0E500609CB4 /* NotesViewModelIntegrationTests.swift */ = {isa = PBXFileReference; lastKnownFileType = sourcecode.swift; path = NotesViewModelIntegrationTests.swift; sourceTree = "<group>"; };
		238492762BA1CA4C00F3770D /* CreateNoteUseCase.swift */ = {isa = PBXFileReference; lastKnownFileType = sourcecode.swift; path = CreateNoteUseCase.swift; sourceTree = "<group>"; };
		238492782BA1CDE500F3770D /* FetchAllNotesUseCase.swift */ = {isa = PBXFileReference; lastKnownFileType = sourcecode.swift; path = FetchAllNotesUseCase.swift; sourceTree = "<group>"; };
		2389E2B92B9DC291009A0DFC /* UpdateNoteView.swift */ = {isa = PBXFileReference; lastKnownFileType = sourcecode.swift; path = UpdateNoteView.swift; sourceTree = "<group>"; };
		23C111992B9C828900ACB46E /* NotesWithTesting.app */ = {isa = PBXFileReference; explicitFileType = wrapper.application; includeInIndex = 0; path = NotesWithTesting.app; sourceTree = BUILT_PRODUCTS_DIR; };
		23C1119C2B9C828900ACB46E /* NotesWithTestingApp.swift */ = {isa = PBXFileReference; lastKnownFileType = sourcecode.swift; path = NotesWithTestingApp.swift; sourceTree = "<group>"; };
		23C1119E2B9C828900ACB46E /* MainView.swift */ = {isa = PBXFileReference; lastKnownFileType = sourcecode.swift; path = MainView.swift; sourceTree = "<group>"; };
		23C111A22B9C828A00ACB46E /* Assets.xcassets */ = {isa = PBXFileReference; lastKnownFileType = folder.assetcatalog; path = Assets.xcassets; sourceTree = "<group>"; };
		23C111A52B9C828A00ACB46E /* Preview Assets.xcassets */ = {isa = PBXFileReference; lastKnownFileType = folder.assetcatalog; path = "Preview Assets.xcassets"; sourceTree = "<group>"; };
		23C111B52B9C83C900ACB46E /* Note.swift */ = {isa = PBXFileReference; lastKnownFileType = sourcecode.swift; path = Note.swift; sourceTree = "<group>"; };
		23C111B72B9C84CC00ACB46E /* NotesViewModel.swift */ = {isa = PBXFileReference; lastKnownFileType = sourcecode.swift; path = NotesViewModel.swift; sourceTree = "<group>"; };
		23C111B92B9C8CFD00ACB46E /* CreateNoteView.swift */ = {isa = PBXFileReference; lastKnownFileType = sourcecode.swift; path = CreateNoteView.swift; sourceTree = "<group>"; };
		23E2E7702BA1C1B6001A18BA /* NotesDatabase.swift */ = {isa = PBXFileReference; lastKnownFileType = sourcecode.swift; path = NotesDatabase.swift; sourceTree = "<group>"; };
		23E2E7722BA1C3A3001A18BA /* NotesDAO.swift */ = {isa = PBXFileReference; lastKnownFileType = sourcecode.swift; path = NotesDAO.swift; sourceTree = "<group>"; };
		23F52C442BA35DFF0021D953 /* CreateNoteUseCaseMock.swift */ = {isa = PBXFileReference; lastKnownFileType = sourcecode.swift; path = CreateNoteUseCaseMock.swift; sourceTree = "<group>"; };
		23F52C462BA35E4F0021D953 /* FetchAllNotesUseCaseMock.swift */ = {isa = PBXFileReference; lastKnownFileType = sourcecode.swift; path = FetchAllNotesUseCaseMock.swift; sourceTree = "<group>"; };
/* End PBXFileReference section */

/* Begin PBXFrameworksBuildPhase section */
		233CB96B2B9F269F003AABEF /* Frameworks */ = {
			isa = PBXFrameworksBuildPhase;
			buildActionMask = 2147483647;
			files = (
			);
			runOnlyForDeploymentPostprocessing = 0;
		};
		23C111962B9C828900ACB46E /* Frameworks */ = {
			isa = PBXFrameworksBuildPhase;
			buildActionMask = 2147483647;
			files = (
			);
			runOnlyForDeploymentPostprocessing = 0;
		};
/* End PBXFrameworksBuildPhase section */

/* Begin PBXGroup section */
		233CB96F2B9F269F003AABEF /* NotesWithTestingTests */ = {
			isa = PBXGroup;
			children = (
				23F52C432BA35C590021D953 /* Mocks */,
				233CB9702B9F269F003AABEF /* NotesTests.swift */,
				233CB9772B9F2EC0003AABEF /* NotesViewModelTests.swift */,
				238456CE2BA1F0E500609CB4 /* NotesViewModelIntegrationTests.swift */,
			);
			path = NotesWithTestingTests;
			sourceTree = "<group>";
		};
		234AE5D12B9F5E1A00AC02C3 /* Domain */ = {
			isa = PBXGroup;
			children = (
				238492762BA1CA4C00F3770D /* CreateNoteUseCase.swift */,
				238492782BA1CDE500F3770D /* FetchAllNotesUseCase.swift */,
			);
			path = Domain;
			sourceTree = "<group>";
		};
		23C111902B9C828900ACB46E = {
			isa = PBXGroup;
			children = (
				23C1119B2B9C828900ACB46E /* NotesWithTesting */,
				233CB96F2B9F269F003AABEF /* NotesWithTestingTests */,
				23C1119A2B9C828900ACB46E /* Products */,
			);
			sourceTree = "<group>";
		};
		23C1119A2B9C828900ACB46E /* Products */ = {
			isa = PBXGroup;
			children = (
				23C111992B9C828900ACB46E /* NotesWithTesting.app */,
				233CB96E2B9F269F003AABEF /* NotesWithTestingTests.xctest */,
			);
			name = Products;
			sourceTree = "<group>";
		};
		23C1119B2B9C828900ACB46E /* NotesWithTesting */ = {
			isa = PBXGroup;
			children = (
				23C111AD2B9C82A000ACB46E /* App */,
				23C111AC2B9C829000ACB46E /* Resources */,
				23C111AE2B9C82A900ACB46E /* Data */,
				234AE5D12B9F5E1A00AC02C3 /* Domain */,
				23C111AF2B9C82AE00ACB46E /* UI */,
				23C111A42B9C828A00ACB46E /* Preview Content */,
			);
			path = NotesWithTesting;
			sourceTree = "<group>";
		};
		23C111A42B9C828A00ACB46E /* Preview Content */ = {
			isa = PBXGroup;
			children = (
				23C111A52B9C828A00ACB46E /* Preview Assets.xcassets */,
			);
			path = "Preview Content";
			sourceTree = "<group>";
		};
		23C111AC2B9C829000ACB46E /* Resources */ = {
			isa = PBXGroup;
			children = (
				23C111A22B9C828A00ACB46E /* Assets.xcassets */,
			);
			path = Resources;
			sourceTree = "<group>";
		};
		23C111AD2B9C82A000ACB46E /* App */ = {
			isa = PBXGroup;
			children = (
				23C1119C2B9C828900ACB46E /* NotesWithTestingApp.swift */,
			);
			path = App;
			sourceTree = "<group>";
		};
		23C111AE2B9C82A900ACB46E /* Data */ = {
			isa = PBXGroup;
			children = (
				23E2E7702BA1C1B6001A18BA /* NotesDatabase.swift */,
				23E2E7722BA1C3A3001A18BA /* NotesDAO.swift */,
			);
			path = Data;
			sourceTree = "<group>";
		};
		23C111AF2B9C82AE00ACB46E /* UI */ = {
			isa = PBXGroup;
			children = (
				23C111B02B9C82E300ACB46E /* Main */,
				23C111B12B9C831000ACB46E /* Notes */,
			);
			path = UI;
			sourceTree = "<group>";
		};
		23C111B02B9C82E300ACB46E /* Main */ = {
			isa = PBXGroup;
			children = (
				23C1119E2B9C828900ACB46E /* MainView.swift */,
			);
			path = Main;
			sourceTree = "<group>";
		};
		23C111B12B9C831000ACB46E /* Notes */ = {
			isa = PBXGroup;
			children = (
				23C111B22B9C831700ACB46E /* Models */,
				23C111B32B9C831C00ACB46E /* Views */,
				23C111B42B9C832600ACB46E /* ViewModels */,
			);
			path = Notes;
			sourceTree = "<group>";
		};
		23C111B22B9C831700ACB46E /* Models */ = {
			isa = PBXGroup;
			children = (
				23C111B52B9C83C900ACB46E /* Note.swift */,
			);
			path = Models;
			sourceTree = "<group>";
		};
		23C111B32B9C831C00ACB46E /* Views */ = {
			isa = PBXGroup;
			children = (
				23C111B92B9C8CFD00ACB46E /* CreateNoteView.swift */,
				2389E2B92B9DC291009A0DFC /* UpdateNoteView.swift */,
			);
			path = Views;
			sourceTree = "<group>";
		};
		23C111B42B9C832600ACB46E /* ViewModels */ = {
			isa = PBXGroup;
			children = (
				23C111B72B9C84CC00ACB46E /* NotesViewModel.swift */,
			);
			path = ViewModels;
			sourceTree = "<group>";
		};
		23F52C432BA35C590021D953 /* Mocks */ = {
			isa = PBXGroup;
			children = (
				23F52C442BA35DFF0021D953 /* CreateNoteUseCaseMock.swift */,
				23F52C462BA35E4F0021D953 /* FetchAllNotesUseCaseMock.swift */,
			);
			path = Mocks;
			sourceTree = "<group>";
		};
/* End PBXGroup section */

/* Begin PBXNativeTarget section */
		233CB96D2B9F269F003AABEF /* NotesWithTestingTests */ = {
			isa = PBXNativeTarget;
			buildConfigurationList = 233CB9762B9F269F003AABEF /* Build configuration list for PBXNativeTarget "NotesWithTestingTests" */;
			buildPhases = (
				233CB96A2B9F269F003AABEF /* Sources */,
				233CB96B2B9F269F003AABEF /* Frameworks */,
				233CB96C2B9F269F003AABEF /* Resources */,
			);
			buildRules = (
			);
			dependencies = (
				233CB9732B9F269F003AABEF /* PBXTargetDependency */,
			);
			name = NotesWithTestingTests;
			productName = NotesWithTestingTests;
			productReference = 233CB96E2B9F269F003AABEF /* NotesWithTestingTests.xctest */;
			productType = "com.apple.product-type.bundle.unit-test";
		};
		23C111982B9C828900ACB46E /* NotesWithTesting */ = {
			isa = PBXNativeTarget;
			buildConfigurationList = 23C111A92B9C828A00ACB46E /* Build configuration list for PBXNativeTarget "NotesWithTesting" */;
			buildPhases = (
				23C111952B9C828900ACB46E /* Sources */,
				23C111962B9C828900ACB46E /* Frameworks */,
				23C111972B9C828900ACB46E /* Resources */,
			);
			buildRules = (
			);
			dependencies = (
			);
			name = NotesWithTesting;
			productName = NotesWithTesting;
			productReference = 23C111992B9C828900ACB46E /* NotesWithTesting.app */;
			productType = "com.apple.product-type.application";
		};
/* End PBXNativeTarget section */

/* Begin PBXProject section */
		23C111912B9C828900ACB46E /* Project object */ = {
			isa = PBXProject;
			attributes = {
				BuildIndependentTargetsInParallel = 1;
				LastSwiftUpdateCheck = 1530;
				LastUpgradeCheck = 1530;
				TargetAttributes = {
					233CB96D2B9F269F003AABEF = {
						CreatedOnToolsVersion = 15.3;
						TestTargetID = 23C111982B9C828900ACB46E;
					};
					23C111982B9C828900ACB46E = {
						CreatedOnToolsVersion = 15.3;
					};
				};
			};
			buildConfigurationList = 23C111942B9C828900ACB46E /* Build configuration list for PBXProject "NotesWithTesting" */;
			compatibilityVersion = "Xcode 14.0";
			developmentRegion = en;
			hasScannedForEncodings = 0;
			knownRegions = (
				en,
				Base,
			);
			mainGroup = 23C111902B9C828900ACB46E;
			productRefGroup = 23C1119A2B9C828900ACB46E /* Products */;
			projectDirPath = "";
			projectRoot = "";
			targets = (
				23C111982B9C828900ACB46E /* NotesWithTesting */,
				233CB96D2B9F269F003AABEF /* NotesWithTestingTests */,
			);
		};
/* End PBXProject section */

/* Begin PBXResourcesBuildPhase section */
		233CB96C2B9F269F003AABEF /* Resources */ = {
			isa = PBXResourcesBuildPhase;
			buildActionMask = 2147483647;
			files = (
			);
			runOnlyForDeploymentPostprocessing = 0;
		};
		23C111972B9C828900ACB46E /* Resources */ = {
			isa = PBXResourcesBuildPhase;
			buildActionMask = 2147483647;
			files = (
				23C111A62B9C828A00ACB46E /* Preview Assets.xcassets in Resources */,
				23C111A32B9C828A00ACB46E /* Assets.xcassets in Resources */,
			);
			runOnlyForDeploymentPostprocessing = 0;
		};
/* End PBXResourcesBuildPhase section */

/* Begin PBXSourcesBuildPhase section */
		233CB96A2B9F269F003AABEF /* Sources */ = {
			isa = PBXSourcesBuildPhase;
			buildActionMask = 2147483647;
			files = (
				238456CF2BA1F0E500609CB4 /* NotesViewModelIntegrationTests.swift in Sources */,
				233CB9782B9F2EC0003AABEF /* NotesViewModelTests.swift in Sources */,
				23F52C472BA35E4F0021D953 /* FetchAllNotesUseCaseMock.swift in Sources */,
				233CB9712B9F269F003AABEF /* NotesTests.swift in Sources */,
				23F52C452BA35DFF0021D953 /* CreateNoteUseCaseMock.swift in Sources */,
			);
			runOnlyForDeploymentPostprocessing = 0;
		};
		23C111952B9C828900ACB46E /* Sources */ = {
			isa = PBXSourcesBuildPhase;
			buildActionMask = 2147483647;
			files = (
				23C111B82B9C84CC00ACB46E /* NotesViewModel.swift in Sources */,
				238492772BA1CA4C00F3770D /* CreateNoteUseCase.swift in Sources */,
				238492792BA1CDE500F3770D /* FetchAllNotesUseCase.swift in Sources */,
				23E2E7712BA1C1B6001A18BA /* NotesDatabase.swift in Sources */,
				23C1119F2B9C828900ACB46E /* MainView.swift in Sources */,
				23C1119D2B9C828900ACB46E /* NotesWithTestingApp.swift in Sources */,
				2389E2BA2B9DC291009A0DFC /* UpdateNoteView.swift in Sources */,
				23C111BA2B9C8CFD00ACB46E /* CreateNoteView.swift in Sources */,
				23E2E7732BA1C3A3001A18BA /* NotesDAO.swift in Sources */,
				23C111B62B9C83C900ACB46E /* Note.swift in Sources */,
			);
			runOnlyForDeploymentPostprocessing = 0;
		};
/* End PBXSourcesBuildPhase section */

/* Begin PBXTargetDependency section */
		233CB9732B9F269F003AABEF /* PBXTargetDependency */ = {
			isa = PBXTargetDependency;
			target = 23C111982B9C828900ACB46E /* NotesWithTesting */;
			targetProxy = 233CB9722B9F269F003AABEF /* PBXContainerItemProxy */;
		};
/* End PBXTargetDependency section */

/* Begin XCBuildConfiguration section */
		233CB9742B9F269F003AABEF /* Debug */ = {
			isa = XCBuildConfiguration;
			buildSettings = {
				BUNDLE_LOADER = "$(TEST_HOST)";
				CODE_SIGN_STYLE = Automatic;
				CURRENT_PROJECT_VERSION = 1;
				DEVELOPMENT_TEAM = B8VLRHF5DU;
				GENERATE_INFOPLIST_FILE = YES;
				MARKETING_VERSION = 1.0;
				PRODUCT_BUNDLE_IDENTIFIER = com.robert.rs.NotesWithTestingTests;
				PRODUCT_NAME = "$(TARGET_NAME)";
				SWIFT_EMIT_LOC_STRINGS = NO;
				SWIFT_VERSION = 5.0;
				TARGETED_DEVICE_FAMILY = "1,2";
				TEST_HOST = "$(BUILT_PRODUCTS_DIR)/NotesWithTesting.app/$(BUNDLE_EXECUTABLE_FOLDER_PATH)/NotesWithTesting";
			};
			name = Debug;
		};
		233CB9752B9F269F003AABEF /* Release */ = {
			isa = XCBuildConfiguration;
			buildSettings = {
				BUNDLE_LOADER = "$(TEST_HOST)";
				CODE_SIGN_STYLE = Automatic;
				CURRENT_PROJECT_VERSION = 1;
				DEVELOPMENT_TEAM = B8VLRHF5DU;
				GENERATE_INFOPLIST_FILE = YES;
				MARKETING_VERSION = 1.0;
				PRODUCT_BUNDLE_IDENTIFIER = com.robert.rs.NotesWithTestingTests;
				PRODUCT_NAME = "$(TARGET_NAME)";
				SWIFT_EMIT_LOC_STRINGS = NO;
				SWIFT_VERSION = 5.0;
				TARGETED_DEVICE_FAMILY = "1,2";
				TEST_HOST = "$(BUILT_PRODUCTS_DIR)/NotesWithTesting.app/$(BUNDLE_EXECUTABLE_FOLDER_PATH)/NotesWithTesting";
			};
			name = Release;
		};
		23C111A72B9C828A00ACB46E /* Debug */ = {
			isa = XCBuildConfiguration;
			buildSettings = {
				ALWAYS_SEARCH_USER_PATHS = NO;
				ASSETCATALOG_COMPILER_GENERATE_SWIFT_ASSET_SYMBOL_EXTENSIONS = YES;
				CLANG_ANALYZER_NONNULL = YES;
				CLANG_ANALYZER_NUMBER_OBJECT_CONVERSION = YES_AGGRESSIVE;
				CLANG_CXX_LANGUAGE_STANDARD = "gnu++20";
				CLANG_ENABLE_MODULES = YES;
				CLANG_ENABLE_OBJC_ARC = YES;
				CLANG_ENABLE_OBJC_WEAK = YES;
				CLANG_WARN_BLOCK_CAPTURE_AUTORELEASING = YES;
				CLANG_WARN_BOOL_CONVERSION = YES;
				CLANG_WARN_COMMA = YES;
				CLANG_WARN_CONSTANT_CONVERSION = YES;
				CLANG_WARN_DEPRECATED_OBJC_IMPLEMENTATIONS = YES;
				CLANG_WARN_DIRECT_OBJC_ISA_USAGE = YES_ERROR;
				CLANG_WARN_DOCUMENTATION_COMMENTS = YES;
				CLANG_WARN_EMPTY_BODY = YES;
				CLANG_WARN_ENUM_CONVERSION = YES;
				CLANG_WARN_INFINITE_RECURSION = YES;
				CLANG_WARN_INT_CONVERSION = YES;
				CLANG_WARN_NON_LITERAL_NULL_CONVERSION = YES;
				CLANG_WARN_OBJC_IMPLICIT_RETAIN_SELF = YES;
				CLANG_WARN_OBJC_LITERAL_CONVERSION = YES;
				CLANG_WARN_OBJC_ROOT_CLASS = YES_ERROR;
				CLANG_WARN_QUOTED_INCLUDE_IN_FRAMEWORK_HEADER = YES;
				CLANG_WARN_RANGE_LOOP_ANALYSIS = YES;
				CLANG_WARN_STRICT_PROTOTYPES = YES;
				CLANG_WARN_SUSPICIOUS_MOVE = YES;
				CLANG_WARN_UNGUARDED_AVAILABILITY = YES_AGGRESSIVE;
				CLANG_WARN_UNREACHABLE_CODE = YES;
				CLANG_WARN__DUPLICATE_METHOD_MATCH = YES;
				COPY_PHASE_STRIP = NO;
				DEBUG_INFORMATION_FORMAT = dwarf;
				ENABLE_STRICT_OBJC_MSGSEND = YES;
				ENABLE_TESTABILITY = YES;
				ENABLE_USER_SCRIPT_SANDBOXING = YES;
				GCC_C_LANGUAGE_STANDARD = gnu17;
				GCC_DYNAMIC_NO_PIC = NO;
				GCC_NO_COMMON_BLOCKS = YES;
				GCC_OPTIMIZATION_LEVEL = 0;
				GCC_PREPROCESSOR_DEFINITIONS = (
					"DEBUG=1",
					"$(inherited)",
				);
				GCC_WARN_64_TO_32_BIT_CONVERSION = YES;
				GCC_WARN_ABOUT_RETURN_TYPE = YES_ERROR;
				GCC_WARN_UNDECLARED_SELECTOR = YES;
				GCC_WARN_UNINITIALIZED_AUTOS = YES_AGGRESSIVE;
				GCC_WARN_UNUSED_FUNCTION = YES;
				GCC_WARN_UNUSED_VARIABLE = YES;
				IPHONEOS_DEPLOYMENT_TARGET = 17.4;
				LOCALIZATION_PREFERS_STRING_CATALOGS = YES;
				MTL_ENABLE_DEBUG_INFO = INCLUDE_SOURCE;
				MTL_FAST_MATH = YES;
				ONLY_ACTIVE_ARCH = YES;
				SDKROOT = iphoneos;
				SWIFT_ACTIVE_COMPILATION_CONDITIONS = "DEBUG $(inherited)";
				SWIFT_OPTIMIZATION_LEVEL = "-Onone";
			};
			name = Debug;
		};
		23C111A82B9C828A00ACB46E /* Release */ = {
			isa = XCBuildConfiguration;
			buildSettings = {
				ALWAYS_SEARCH_USER_PATHS = NO;
				ASSETCATALOG_COMPILER_GENERATE_SWIFT_ASSET_SYMBOL_EXTENSIONS = YES;
				CLANG_ANALYZER_NONNULL = YES;
				CLANG_ANALYZER_NUMBER_OBJECT_CONVERSION = YES_AGGRESSIVE;
				CLANG_CXX_LANGUAGE_STANDARD = "gnu++20";
				CLANG_ENABLE_MODULES = YES;
				CLANG_ENABLE_OBJC_ARC = YES;
				CLANG_ENABLE_OBJC_WEAK = YES;
				CLANG_WARN_BLOCK_CAPTURE_AUTORELEASING = YES;
				CLANG_WARN_BOOL_CONVERSION = YES;
				CLANG_WARN_COMMA = YES;
				CLANG_WARN_CONSTANT_CONVERSION = YES;
				CLANG_WARN_DEPRECATED_OBJC_IMPLEMENTATIONS = YES;
				CLANG_WARN_DIRECT_OBJC_ISA_USAGE = YES_ERROR;
				CLANG_WARN_DOCUMENTATION_COMMENTS = YES;
				CLANG_WARN_EMPTY_BODY = YES;
				CLANG_WARN_ENUM_CONVERSION = YES;
				CLANG_WARN_INFINITE_RECURSION = YES;
				CLANG_WARN_INT_CONVERSION = YES;
				CLANG_WARN_NON_LITERAL_NULL_CONVERSION = YES;
				CLANG_WARN_OBJC_IMPLICIT_RETAIN_SELF = YES;
				CLANG_WARN_OBJC_LITERAL_CONVERSION = YES;
				CLANG_WARN_OBJC_ROOT_CLASS = YES_ERROR;
				CLANG_WARN_QUOTED_INCLUDE_IN_FRAMEWORK_HEADER = YES;
				CLANG_WARN_RANGE_LOOP_ANALYSIS = YES;
				CLANG_WARN_STRICT_PROTOTYPES = YES;
				CLANG_WARN_SUSPICIOUS_MOVE = YES;
				CLANG_WARN_UNGUARDED_AVAILABILITY = YES_AGGRESSIVE;
				CLANG_WARN_UNREACHABLE_CODE = YES;
				CLANG_WARN__DUPLICATE_METHOD_MATCH = YES;
				COPY_PHASE_STRIP = NO;
				DEBUG_INFORMATION_FORMAT = "dwarf-with-dsym";
				ENABLE_NS_ASSERTIONS = NO;
				ENABLE_STRICT_OBJC_MSGSEND = YES;
				ENABLE_USER_SCRIPT_SANDBOXING = YES;
				GCC_C_LANGUAGE_STANDARD = gnu17;
				GCC_NO_COMMON_BLOCKS = YES;
				GCC_WARN_64_TO_32_BIT_CONVERSION = YES;
				GCC_WARN_ABOUT_RETURN_TYPE = YES_ERROR;
				GCC_WARN_UNDECLARED_SELECTOR = YES;
				GCC_WARN_UNINITIALIZED_AUTOS = YES_AGGRESSIVE;
				GCC_WARN_UNUSED_FUNCTION = YES;
				GCC_WARN_UNUSED_VARIABLE = YES;
				IPHONEOS_DEPLOYMENT_TARGET = 17.4;
				LOCALIZATION_PREFERS_STRING_CATALOGS = YES;
				MTL_ENABLE_DEBUG_INFO = NO;
				MTL_FAST_MATH = YES;
				SDKROOT = iphoneos;
				SWIFT_COMPILATION_MODE = wholemodule;
				VALIDATE_PRODUCT = YES;
			};
			name = Release;
		};
		23C111AA2B9C828A00ACB46E /* Debug */ = {
			isa = XCBuildConfiguration;
			buildSettings = {
				ASSETCATALOG_COMPILER_APPICON_NAME = AppIcon;
				ASSETCATALOG_COMPILER_GLOBAL_ACCENT_COLOR_NAME = AccentColor;
				CODE_SIGN_STYLE = Automatic;
				CURRENT_PROJECT_VERSION = 1;
				DEVELOPMENT_ASSET_PATHS = "\"NotesWithTesting/Preview Content\"";
				DEVELOPMENT_TEAM = B8VLRHF5DU;
				ENABLE_PREVIEWS = YES;
				GENERATE_INFOPLIST_FILE = YES;
				INFOPLIST_KEY_UIApplicationSceneManifest_Generation = YES;
				INFOPLIST_KEY_UIApplicationSupportsIndirectInputEvents = YES;
				INFOPLIST_KEY_UILaunchScreen_Generation = YES;
				INFOPLIST_KEY_UISupportedInterfaceOrientations_iPad = "UIInterfaceOrientationPortrait UIInterfaceOrientationPortraitUpsideDown UIInterfaceOrientationLandscapeLeft UIInterfaceOrientationLandscapeRight";
				INFOPLIST_KEY_UISupportedInterfaceOrientations_iPhone = "UIInterfaceOrientationPortrait UIInterfaceOrientationLandscapeLeft UIInterfaceOrientationLandscapeRight";
				IPHONEOS_DEPLOYMENT_TARGET = 17.0;
				LD_RUNPATH_SEARCH_PATHS = (
					"$(inherited)",
					"@executable_path/Frameworks",
				);
				MARKETING_VERSION = 1.0;
				PRODUCT_BUNDLE_IDENTIFIER = com.robert.rs.NotesWithTesting;
				PRODUCT_NAME = "$(TARGET_NAME)";
				SWIFT_EMIT_LOC_STRINGS = YES;
				SWIFT_VERSION = 5.0;
				TARGETED_DEVICE_FAMILY = "1,2";
			};
			name = Debug;
		};
		23C111AB2B9C828A00ACB46E /* Release */ = {
			isa = XCBuildConfiguration;
			buildSettings = {
				ASSETCATALOG_COMPILER_APPICON_NAME = AppIcon;
				ASSETCATALOG_COMPILER_GLOBAL_ACCENT_COLOR_NAME = AccentColor;
				CODE_SIGN_STYLE = Automatic;
				CURRENT_PROJECT_VERSION = 1;
				DEVELOPMENT_ASSET_PATHS = "\"NotesWithTesting/Preview Content\"";
				DEVELOPMENT_TEAM = B8VLRHF5DU;
				ENABLE_PREVIEWS = YES;
				GENERATE_INFOPLIST_FILE = YES;
				INFOPLIST_KEY_UIApplicationSceneManifest_Generation = YES;
				INFOPLIST_KEY_UIApplicationSupportsIndirectInputEvents = YES;
				INFOPLIST_KEY_UILaunchScreen_Generation = YES;
				INFOPLIST_KEY_UISupportedInterfaceOrientations_iPad = "UIInterfaceOrientationPortrait UIInterfaceOrientationPortraitUpsideDown UIInterfaceOrientationLandscapeLeft UIInterfaceOrientationLandscapeRight";
				INFOPLIST_KEY_UISupportedInterfaceOrientations_iPhone = "UIInterfaceOrientationPortrait UIInterfaceOrientationLandscapeLeft UIInterfaceOrientationLandscapeRight";
				IPHONEOS_DEPLOYMENT_TARGET = 17.0;
				LD_RUNPATH_SEARCH_PATHS = (
					"$(inherited)",
					"@executable_path/Frameworks",
				);
				MARKETING_VERSION = 1.0;
				PRODUCT_BUNDLE_IDENTIFIER = com.robert.rs.NotesWithTesting;
				PRODUCT_NAME = "$(TARGET_NAME)";
				SWIFT_EMIT_LOC_STRINGS = YES;
				SWIFT_VERSION = 5.0;
				TARGETED_DEVICE_FAMILY = "1,2";
			};
			name = Release;
		};
/* End XCBuildConfiguration section */

/* Begin XCConfigurationList section */
		233CB9762B9F269F003AABEF /* Build configuration list for PBXNativeTarget "NotesWithTestingTests" */ = {
			isa = XCConfigurationList;
			buildConfigurations = (
				233CB9742B9F269F003AABEF /* Debug */,
				233CB9752B9F269F003AABEF /* Release */,
			);
			defaultConfigurationIsVisible = 0;
			defaultConfigurationName = Release;
		};
		23C111942B9C828900ACB46E /* Build configuration list for PBXProject "NotesWithTesting" */ = {
			isa = XCConfigurationList;
			buildConfigurations = (
				23C111A72B9C828A00ACB46E /* Debug */,
				23C111A82B9C828A00ACB46E /* Release */,
			);
			defaultConfigurationIsVisible = 0;
			defaultConfigurationName = Release;
		};
		23C111A92B9C828A00ACB46E /* Build configuration list for PBXNativeTarget "NotesWithTesting" */ = {
			isa = XCConfigurationList;
			buildConfigurations = (
				23C111AA2B9C828A00ACB46E /* Debug */,
				23C111AB2B9C828A00ACB46E /* Release */,
			);
			defaultConfigurationIsVisible = 0;
			defaultConfigurationName = Release;
		};
/* End XCConfigurationList section */
	};
	rootObject = 23C111912B9C828900ACB46E /* Project object */;
}
